
Microsoft Visual Studio Solution File, Format Version 12.00
# Visual Studio Version 16
VisualStudioVersion = 16.0.29306.81
MinimumVisualStudioVersion = 10.0.40219.1
Project("{8BC9CEB8-8B4A-11D0-8D11-00A0C91BC942}") = "MineSweeping", "MineSweeping\MineSweeping.vcxproj", "{9501BC37-4464-46B5-89CC-716751D13AEE}"
EndProject
Global
	GlobalSection(SolutionConfigurationPlatforms) = preSolution
		Debug|x64 = Debug|x64
		Debug|x86 = Debug|x86
		Release|x64 = Release|x64
		Release|x86 = Release|x86
	EndGlobalSection
	GlobalSection(ProjectConfigurationPlatforms) = postSolution
		{9501BC37-4464-46B5-89CC-716751D13AEE}.Debug|x64.ActiveCfg = Debug|x64
		{9501BC37-4464-46B5-89CC-716751D13AEE}.Debug|x64.Build.0 = Debug|x64
		{9501BC37-4464-46B5-89CC-716751D13AEE}.Debug|x86.ActiveCfg = Debug|Win32
		{9501BC37-4464-46B5-89CC-716751D13AEE}.Debug|x86.Build.0 = Debug|Win32
		{9501BC37-4464-46B5-89CC-716751D13AEE}.Release|x64.ActiveCfg = Release|x64
		{9501BC37-4464-46B5-89CC-716751D13AEE}.Release|x64.Build.0 = Release|x64
		{9501BC37-4464-46B5-89CC-716751D13AEE}.Release|x86.ActiveCfg = Release|Win32
		{9501BC37-4464-46B5-89CC-716751D13AEE}.Release|x86.Build.0 = Release|Win32
	EndGlobalSection
	GlobalSection(SolutionProperties) = preSolution
		HideSolutionNode = FALSE
	EndGlobalSection
	GlobalSection(ExtensibilityGlobals) = postSolution
		SolutionGuid = {DCC6E123-E7AF-4C3F-A950-0661289B544B}
	EndGlobalSection
EndGlobal
